
Microsoft Visual Studio Solution File, Format Version 12.00
# Visual Studio Version 17
VisualStudioVersion = 17.13.35913.81 d17.13
MinimumVisualStudioVersion = 10.0.40219.1
Project("{FAE04EC0-301F-11D3-BF4B-00C04F79EFBC}") = "DbSubsetter", "DbSubsetter.csproj", "{8965CF0A-C2DF-4DC4-ADF4-4845D7D6F1F3}"
EndProject
Project("{FAE04EC0-301F-11D3-BF4B-00C04F79EFBC}") = "DbSubsetter.Core", "..\DbSubsetter.Core\DbSubsetter.Core.csproj", "{A1B2C3D4-1111-2222-3333-444455556666}"
EndProject
Project("{FAE04EC0-301F-11D3-BF4B-00C04F79EFBC}") = "DbSubsetter.UI", "..\DbSubsetter.UI\DbSubsetter.UI.csproj", "{A1B2C3D4-1111-2222-3333-777788889999}"
EndProject
Global
	GlobalSection(SolutionConfigurationPlatforms) = preSolution
		Debug|Any CPU = Debug|Any CPU
		Release|Any CPU = Release|Any CPU
	EndGlobalSection
	GlobalSection(ProjectConfigurationPlatforms) = postSolution
		{8965CF0A-C2DF-4DC4-ADF4-4845D7D6F1F3}.Debug|Any CPU.ActiveCfg = Debug|Any CPU
		{8965CF0A-C2DF-4DC4-ADF4-4845D7D6F1F3}.Debug|Any CPU.Build.0 = Debug|Any CPU
		{8965CF0A-C2DF-4DC4-ADF4-4845D7D6F1F3}.Release|Any CPU.ActiveCfg = Release|Any CPU
		{8965CF0A-C2DF-4DC4-ADF4-4845D7D6F1F3}.Release|Any CPU.Build.0 = Release|Any CPU
		{A1B2C3D4-1111-2222-3333-444455556666}.Debug|Any CPU.ActiveCfg = Debug|Any CPU
		{A1B2C3D4-1111-2222-3333-444455556666}.Debug|Any CPU.Build.0 = Debug|Any CPU
		{A1B2C3D4-1111-2222-3333-444455556666}.Release|Any CPU.ActiveCfg = Release|Any CPU
		{A1B2C3D4-1111-2222-3333-444455556666}.Release|Any CPU.Build.0 = Release|Any CPU
		{A1B2C3D4-1111-2222-3333-777788889999}.Debug|Any CPU.ActiveCfg = Debug|Any CPU
		{A1B2C3D4-1111-2222-3333-777788889999}.Debug|Any CPU.Build.0 = Debug|Any CPU
		{A1B2C3D4-1111-2222-3333-777788889999}.Release|Any CPU.ActiveCfg = Release|Any CPU
		{A1B2C3D4-1111-2222-3333-777788889999}.Release|Any CPU.Build.0 = Release|Any CPU
	EndGlobalSection
	GlobalSection(SolutionProperties) = preSolution
		HideSolutionNode = FALSE
	EndGlobalSection
	GlobalSection(ExtensibilityGlobals) = postSolution
		SolutionGuid = {B3744C03-AC2D-4581-B119-92A7AF0EFF45}
	EndGlobalSection
EndGlobal
