Microsoft Visual Studio Solution File, Format Version 12.00
# Visual Studio Version 17
VisualStudioVersion = 17.13.35913.81
MinimumVisualStudioVersion = 10.0.40219.1
Project("{FAE04EC0-301F-11D3-BF4B-00C04F79EFBC}") = "DbSubsetter.Core", "DbSubsetter.Core\DbSubsetter.Core.csproj", "{C9E70A5D-A987-16E8-9408-CEAB91C52EC2}"
EndProject
Project("{FAE04EC0-301F-11D3-BF4B-00C04F79EFBC}") = "DbSubsetter.UI", "DbSubsetter.UI\DbSubsetter.UI.csproj", "{FE8BA093-BBF6-BC85-1260-E179537D04BA}"
EndProject
Global
	GlobalSection(SolutionConfigurationPlatforms) = preSolution
		Debug|Any CPU = Debug|Any CPU
		Release|Any CPU = Release|Any CPU
	EndGlobalSection
	GlobalSection(ProjectConfigurationPlatforms) = postSolution
		{C9E70A5D-A987-16E8-9408-CEAB91C52EC2}.Debug|Any CPU.ActiveCfg = Debug|Any CPU
		{C9E70A5D-A987-16E8-9408-CEAB91C52EC2}.Debug|Any CPU.Build.0 = Debug|Any CPU
		{C9E70A5D-A987-16E8-9408-CEAB91C52EC2}.Release|Any CPU.ActiveCfg = Release|Any CPU
		{C9E70A5D-A987-16E8-9408-CEAB91C52EC2}.Release|Any CPU.Build.0 = Release|Any CPU
		{FE8BA093-BBF6-BC85-1260-E179537D04BA}.Debug|Any CPU.ActiveCfg = Debug|Any CPU
		{FE8BA093-BBF6-BC85-1260-E179537D04BA}.Debug|Any CPU.Build.0 = Debug|Any CPU
		{FE8BA093-BBF6-BC85-1260-E179537D04BA}.Release|Any CPU.ActiveCfg = Release|Any CPU
		{FE8BA093-BBF6-BC85-1260-E179537D04BA}.Release|Any CPU.Build.0 = Release|Any CPU
	EndGlobalSection
	GlobalSection(SolutionProperties) = preSolution
		HideSolutionNode = FALSE
	EndGlobalSection
	GlobalSection(ExtensibilityGlobals) = postSolution
		SolutionGuid = {B3744C03-AC2D-4581-B119-92A7AF0EFF45}
	EndGlobalSection
EndGlobal
